
Microsoft Visual Studio Solution File, Format Version 12.00
# Visual Studio Version 17
VisualStudioVersion = 17.9.34622.214
MinimumVisualStudioVersion = 10.0.40219.1
Project("{9A19103F-16F7-4668-BE54-9A1E7A4F7556}") = "Server", "Server\Server.csproj", "{8B57643F-718D-44CE-9407-B186CA95EB25}"
EndProject
Project("{9A19103F-16F7-4668-BE54-9A1E7A4F7556}") = "Client", "Client\Client.csproj", "{A2661E16-4CD4-4642-800A-E517C956118F}"
EndProject
Project("{9A19103F-16F7-4668-BE54-9A1E7A4F7556}") = "BaseLibrary", "BaseLibrary\BaseLibrary.csproj", "{D38D7908-14E7-46B5-820F-E9410C765BEA}"
EndProject
Project("{9A19103F-16F7-4668-BE54-9A1E7A4F7556}") = "ClientLibrary", "ClientLibrary\ClientLibrary.csproj", "{BC11D04E-6928-4711-9175-9F6D9F98D4AF}"
EndProject
Project("{9A19103F-16F7-4668-BE54-9A1E7A4F7556}") = "ServerLibrary", "ServerLibrary\ServerLibrary.csproj", "{CB1C8B05-AF51-4D14-A622-FDAEF3150B19}"
EndProject
Global
	GlobalSection(SolutionConfigurationPlatforms) = preSolution
		Debug|Any CPU = Debug|Any CPU
		Release|Any CPU = Release|Any CPU
	EndGlobalSection
	GlobalSection(ProjectConfigurationPlatforms) = postSolution
		{8B57643F-718D-44CE-9407-B186CA95EB25}.Debug|Any CPU.ActiveCfg = Debug|Any CPU
		{8B57643F-718D-44CE-9407-B186CA95EB25}.Debug|Any CPU.Build.0 = Debug|Any CPU
		{8B57643F-718D-44CE-9407-B186CA95EB25}.Release|Any CPU.ActiveCfg = Release|Any CPU
		{8B57643F-718D-44CE-9407-B186CA95EB25}.Release|Any CPU.Build.0 = Release|Any CPU
		{A2661E16-4CD4-4642-800A-E517C956118F}.Debug|Any CPU.ActiveCfg = Debug|Any CPU
		{A2661E16-4CD4-4642-800A-E517C956118F}.Debug|Any CPU.Build.0 = Debug|Any CPU
		{A2661E16-4CD4-4642-800A-E517C956118F}.Release|Any CPU.ActiveCfg = Release|Any CPU
		{A2661E16-4CD4-4642-800A-E517C956118F}.Release|Any CPU.Build.0 = Release|Any CPU
		{D38D7908-14E7-46B5-820F-E9410C765BEA}.Debug|Any CPU.ActiveCfg = Debug|Any CPU
		{D38D7908-14E7-46B5-820F-E9410C765BEA}.Debug|Any CPU.Build.0 = Debug|Any CPU
		{D38D7908-14E7-46B5-820F-E9410C765BEA}.Release|Any CPU.ActiveCfg = Release|Any CPU
		{D38D7908-14E7-46B5-820F-E9410C765BEA}.Release|Any CPU.Build.0 = Release|Any CPU
		{BC11D04E-6928-4711-9175-9F6D9F98D4AF}.Debug|Any CPU.ActiveCfg = Debug|Any CPU
		{BC11D04E-6928-4711-9175-9F6D9F98D4AF}.Debug|Any CPU.Build.0 = Debug|Any CPU
		{BC11D04E-6928-4711-9175-9F6D9F98D4AF}.Release|Any CPU.ActiveCfg = Release|Any CPU
		{BC11D04E-6928-4711-9175-9F6D9F98D4AF}.Release|Any CPU.Build.0 = Release|Any CPU
		{CB1C8B05-AF51-4D14-A622-FDAEF3150B19}.Debug|Any CPU.ActiveCfg = Debug|Any CPU
		{CB1C8B05-AF51-4D14-A622-FDAEF3150B19}.Debug|Any CPU.Build.0 = Debug|Any CPU
		{CB1C8B05-AF51-4D14-A622-FDAEF3150B19}.Release|Any CPU.ActiveCfg = Release|Any CPU
		{CB1C8B05-AF51-4D14-A622-FDAEF3150B19}.Release|Any CPU.Build.0 = Release|Any CPU
	EndGlobalSection
	GlobalSection(SolutionProperties) = preSolution
		HideSolutionNode = FALSE
	EndGlobalSection
	GlobalSection(ExtensibilityGlobals) = postSolution
		SolutionGuid = {9814F670-43F6-422E-8D68-C865B3CEA19D}
	EndGlobalSection
EndGlobal
